// !$*UTF8*$!
{
	archiveVersion = 1;
	classes = {
	};
	objectVersion = 46;
	objects = {

/* Begin PBXBuildFile section */
		A30650AB1DB9E0810017F88E /* BusinessCell.swift in Sources */ = {isa = PBXBuildFile; fileRef = A30650AA1DB9E0810017F88E /* BusinessCell.swift */; };
		A30A568B1DBBF2AF00171715 /* SwitchCell.swift in Sources */ = {isa = PBXBuildFile; fileRef = A30A568A1DBBF2AF00171715 /* SwitchCell.swift */; };
		A30A568D1DBBF2E500171715 /* FiltersViewController.swift in Sources */ = {isa = PBXBuildFile; fileRef = A30A568C1DBBF2E500171715 /* FiltersViewController.swift */; };
		A31F10901DB8A547007E833F /* YelpClient.swift in Sources */ = {isa = PBXBuildFile; fileRef = A31F108F1DB8A547007E833F /* YelpClient.swift */; };
		A31F10921DB8A577007E833F /* Business.swift in Sources */ = {isa = PBXBuildFile; fileRef = A31F10911DB8A577007E833F /* Business.swift */; };
		A371F8EF1DB8A38100EE31D6 /* AppDelegate.swift in Sources */ = {isa = PBXBuildFile; fileRef = A371F8EE1DB8A38100EE31D6 /* AppDelegate.swift */; };
		A371F8F11DB8A38100EE31D6 /* BusinessViewController.swift in Sources */ = {isa = PBXBuildFile; fileRef = A371F8F01DB8A38100EE31D6 /* BusinessViewController.swift */; };
		A371F8F41DB8A38100EE31D6 /* Main.storyboard in Resources */ = {isa = PBXBuildFile; fileRef = A371F8F21DB8A38100EE31D6 /* Main.storyboard */; };
		A371F8F61DB8A38100EE31D6 /* Assets.xcassets in Resources */ = {isa = PBXBuildFile; fileRef = A371F8F51DB8A38100EE31D6 /* Assets.xcassets */; };
		A371F8F91DB8A38100EE31D6 /* LaunchScreen.storyboard in Resources */ = {isa = PBXBuildFile; fileRef = A371F8F71DB8A38100EE31D6 /* LaunchScreen.storyboard */; };
		A3EE9CB81DBC903C00FB8203 /* Filters.swift in Sources */ = {isa = PBXBuildFile; fileRef = A3EE9CB71DBC903C00FB8203 /* Filters.swift */; };
		C1B164AF011BFF752ECE115D /* Pods_Yelper.framework in Frameworks */ = {isa = PBXBuildFile; fileRef = D1646AE18C3A802D8A3DE653 /* Pods_Yelper.framework */; };
/* End PBXBuildFile section */

/* Begin PBXFileReference section */
		6681DFF9C7EEFFCFE70D74C9 /* Pods-Yelper.debug.xcconfig */ = {isa = PBXFileReference; includeInIndex = 1; lastKnownFileType = text.xcconfig; name = "Pods-Yelper.debug.xcconfig"; path = "Pods/Target Support Files/Pods-Yelper/Pods-Yelper.debug.xcconfig"; sourceTree = "<group>"; };
		8162E51F15ECD1FDD801FAB1 /* Pods-Yelper.release.xcconfig */ = {isa = PBXFileReference; includeInIndex = 1; lastKnownFileType = text.xcconfig; name = "Pods-Yelper.release.xcconfig"; path = "Pods/Target Support Files/Pods-Yelper/Pods-Yelper.release.xcconfig"; sourceTree = "<group>"; };
		A30650AA1DB9E0810017F88E /* BusinessCell.swift */ = {isa = PBXFileReference; fileEncoding = 4; lastKnownFileType = sourcecode.swift; path = BusinessCell.swift; sourceTree = "<group>"; };
		A30A568A1DBBF2AF00171715 /* SwitchCell.swift */ = {isa = PBXFileReference; fileEncoding = 4; lastKnownFileType = sourcecode.swift; path = SwitchCell.swift; sourceTree = "<group>"; };
		A30A568C1DBBF2E500171715 /* FiltersViewController.swift */ = {isa = PBXFileReference; fileEncoding = 4; lastKnownFileType = sourcecode.swift; path = FiltersViewController.swift; sourceTree = "<group>"; };
		A31F108F1DB8A547007E833F /* YelpClient.swift */ = {isa = PBXFileReference; fileEncoding = 4; lastKnownFileType = sourcecode.swift; path = YelpClient.swift; sourceTree = "<group>"; };
		A31F10911DB8A577007E833F /* Business.swift */ = {isa = PBXFileReference; fileEncoding = 4; lastKnownFileType = sourcecode.swift; path = Business.swift; sourceTree = "<group>"; };
		A371F8EB1DB8A38100EE31D6 /* Yelper.app */ = {isa = PBXFileReference; explicitFileType = wrapper.application; includeInIndex = 0; path = Yelper.app; sourceTree = BUILT_PRODUCTS_DIR; };
		A371F8EE1DB8A38100EE31D6 /* AppDelegate.swift */ = {isa = PBXFileReference; lastKnownFileType = sourcecode.swift; path = AppDelegate.swift; sourceTree = "<group>"; };
		A371F8F01DB8A38100EE31D6 /* BusinessViewController.swift */ = {isa = PBXFileReference; lastKnownFileType = sourcecode.swift; path = BusinessViewController.swift; sourceTree = "<group>"; };
		A371F8F31DB8A38100EE31D6 /* Base */ = {isa = PBXFileReference; lastKnownFileType = file.storyboard; name = Base; path = Base.lproj/Main.storyboard; sourceTree = "<group>"; };
		A371F8F51DB8A38100EE31D6 /* Assets.xcassets */ = {isa = PBXFileReference; lastKnownFileType = folder.assetcatalog; path = Assets.xcassets; sourceTree = "<group>"; };
		A371F8F81DB8A38100EE31D6 /* Base */ = {isa = PBXFileReference; lastKnownFileType = file.storyboard; name = Base; path = Base.lproj/LaunchScreen.storyboard; sourceTree = "<group>"; };
		A371F8FA1DB8A38100EE31D6 /* Info.plist */ = {isa = PBXFileReference; lastKnownFileType = text.plist.xml; path = Info.plist; sourceTree = "<group>"; };
		A3EE9CB71DBC903C00FB8203 /* Filters.swift */ = {isa = PBXFileReference; fileEncoding = 4; lastKnownFileType = sourcecode.swift; path = Filters.swift; sourceTree = "<group>"; };
		D1646AE18C3A802D8A3DE653 /* Pods_Yelper.framework */ = {isa = PBXFileReference; explicitFileType = wrapper.framework; includeInIndex = 0; path = Pods_Yelper.framework; sourceTree = BUILT_PRODUCTS_DIR; };
/* End PBXFileReference section */

/* Begin PBXFrameworksBuildPhase section */
		A371F8E81DB8A38100EE31D6 /* Frameworks */ = {
			isa = PBXFrameworksBuildPhase;
			buildActionMask = 2147483647;
			files = (
				C1B164AF011BFF752ECE115D /* Pods_Yelper.framework in Frameworks */,
			);
			runOnlyForDeploymentPostprocessing = 0;
		};
/* End PBXFrameworksBuildPhase section */

/* Begin PBXGroup section */
		44969908A3AE1C4AF8883354 /* Pods */ = {
			isa = PBXGroup;
			children = (
				6681DFF9C7EEFFCFE70D74C9 /* Pods-Yelper.debug.xcconfig */,
				8162E51F15ECD1FDD801FAB1 /* Pods-Yelper.release.xcconfig */,
			);
			name = Pods;
			sourceTree = "<group>";
		};
		920C550024483C412163454A /* Frameworks */ = {
			isa = PBXGroup;
			children = (
				D1646AE18C3A802D8A3DE653 /* Pods_Yelper.framework */,
			);
			name = Frameworks;
			sourceTree = "<group>";
		};
		A30A56861DBBF27100171715 /* Views */ = {
			isa = PBXGroup;
			children = (
				A30650AA1DB9E0810017F88E /* BusinessCell.swift */,
				A30A568A1DBBF2AF00171715 /* SwitchCell.swift */,
			);
			name = Views;
			sourceTree = "<group>";
		};
		A30A56871DBBF27800171715 /* View Controllers */ = {
			isa = PBXGroup;
			children = (
				A371F8F01DB8A38100EE31D6 /* BusinessViewController.swift */,
				A30A568C1DBBF2E500171715 /* FiltersViewController.swift */,
			);
			name = "View Controllers";
			sourceTree = "<group>";
		};
		A30A56881DBBF28200171715 /* API */ = {
			isa = PBXGroup;
			children = (
				A31F108F1DB8A547007E833F /* YelpClient.swift */,
			);
			name = API;
			sourceTree = "<group>";
		};
		A30A56891DBBF28A00171715 /* Models */ = {
			isa = PBXGroup;
			children = (
				A31F10911DB8A577007E833F /* Business.swift */,
				A3EE9CB71DBC903C00FB8203 /* Filters.swift */,
			);
			name = Models;
			sourceTree = "<group>";
		};
		A371F8E21DB8A38100EE31D6 = {
			isa = PBXGroup;
			children = (
				A371F8ED1DB8A38100EE31D6 /* Yelper */,
				A371F8EC1DB8A38100EE31D6 /* Products */,
				44969908A3AE1C4AF8883354 /* Pods */,
				920C550024483C412163454A /* Frameworks */,
			);
			sourceTree = "<group>";
		};
		A371F8EC1DB8A38100EE31D6 /* Products */ = {
			isa = PBXGroup;
			children = (
				A371F8EB1DB8A38100EE31D6 /* Yelper.app */,
			);
			name = Products;
			sourceTree = "<group>";
		};
		A371F8ED1DB8A38100EE31D6 /* Yelper */ = {
			isa = PBXGroup;
			children = (
				A30A56891DBBF28A00171715 /* Models */,
				A30A56881DBBF28200171715 /* API */,
				A30A56871DBBF27800171715 /* View Controllers */,
				A30A56861DBBF27100171715 /* Views */,
				A371F8EE1DB8A38100EE31D6 /* AppDelegate.swift */,
				A371F8F21DB8A38100EE31D6 /* Main.storyboard */,
				A371F8F51DB8A38100EE31D6 /* Assets.xcassets */,
				A371F8F71DB8A38100EE31D6 /* LaunchScreen.storyboard */,
				A371F8FA1DB8A38100EE31D6 /* Info.plist */,
			);
			path = Yelper;
			sourceTree = "<group>";
		};
/* End PBXGroup section */

/* Begin PBXNativeTarget section */
		A371F8EA1DB8A38100EE31D6 /* Yelper */ = {
			isa = PBXNativeTarget;
			buildConfigurationList = A371F8FD1DB8A38100EE31D6 /* Build configuration list for PBXNativeTarget "Yelper" */;
			buildPhases = (
				86C94D336FB515879DD466C6 /* [CP] Check Pods Manifest.lock */,
				A371F8E71DB8A38100EE31D6 /* Sources */,
				A371F8E81DB8A38100EE31D6 /* Frameworks */,
				A371F8E91DB8A38100EE31D6 /* Resources */,
				11F8FC206D8281527993D8E2 /* [CP] Embed Pods Frameworks */,
				5004B77A5537F276CF79FF17 /* [CP] Copy Pods Resources */,
			);
			buildRules = (
			);
			dependencies = (
			);
			name = Yelper;
			productName = Yelper;
			productReference = A371F8EB1DB8A38100EE31D6 /* Yelper.app */;
			productType = "com.apple.product-type.application";
		};
/* End PBXNativeTarget section */

/* Begin PBXProject section */
		A371F8E31DB8A38100EE31D6 /* Project object */ = {
			isa = PBXProject;
			attributes = {
				LastSwiftUpdateCheck = 0800;
				LastUpgradeCheck = 0800;
				ORGANIZATIONNAME = "Yin Yee Lai";
				TargetAttributes = {
					A371F8EA1DB8A38100EE31D6 = {
						CreatedOnToolsVersion = 8.0;
						ProvisioningStyle = Automatic;
					};
				};
			};
			buildConfigurationList = A371F8E61DB8A38100EE31D6 /* Build configuration list for PBXProject "Yelper" */;
			compatibilityVersion = "Xcode 3.2";
			developmentRegion = English;
			hasScannedForEncodings = 0;
			knownRegions = (
				en,
				Base,
			);
			mainGroup = A371F8E21DB8A38100EE31D6;
			productRefGroup = A371F8EC1DB8A38100EE31D6 /* Products */;
			projectDirPath = "";
			projectRoot = "";
			targets = (
				A371F8EA1DB8A38100EE31D6 /* Yelper */,
			);
		};
/* End PBXProject section */

/* Begin PBXResourcesBuildPhase section */
		A371F8E91DB8A38100EE31D6 /* Resources */ = {
			isa = PBXResourcesBuildPhase;
			buildActionMask = 2147483647;
			files = (
				A371F8F91DB8A38100EE31D6 /* LaunchScreen.storyboard in Resources */,
				A371F8F61DB8A38100EE31D6 /* Assets.xcassets in Resources */,
				A371F8F41DB8A38100EE31D6 /* Main.storyboard in Resources */,
			);
			runOnlyForDeploymentPostprocessing = 0;
		};
/* End PBXResourcesBuildPhase section */

/* Begin PBXShellScriptBuildPhase section */
		11F8FC206D8281527993D8E2 /* [CP] Embed Pods Frameworks */ = {
			isa = PBXShellScriptBuildPhase;
			buildActionMask = 2147483647;
			files = (
			);
			inputPaths = (
			);
			name = "[CP] Embed Pods Frameworks";
			outputPaths = (
			);
			runOnlyForDeploymentPostprocessing = 0;
			shellPath = /bin/sh;
			shellScript = "\"${SRCROOT}/Pods/Target Support Files/Pods-Yelper/Pods-Yelper-frameworks.sh\"\n";
			showEnvVarsInLog = 0;
		};
		5004B77A5537F276CF79FF17 /* [CP] Copy Pods Resources */ = {
			isa = PBXShellScriptBuildPhase;
			buildActionMask = 2147483647;
			files = (
			);
			inputPaths = (
			);
			name = "[CP] Copy Pods Resources";
			outputPaths = (
			);
			runOnlyForDeploymentPostprocessing = 0;
			shellPath = /bin/sh;
			shellScript = "\"${SRCROOT}/Pods/Target Support Files/Pods-Yelper/Pods-Yelper-resources.sh\"\n";
			showEnvVarsInLog = 0;
		};
		86C94D336FB515879DD466C6 /* [CP] Check Pods Manifest.lock */ = {
			isa = PBXShellScriptBuildPhase;
			buildActionMask = 2147483647;
			files = (
			);
			inputPaths = (
			);
			name = "[CP] Check Pods Manifest.lock";
			outputPaths = (
			);
			runOnlyForDeploymentPostprocessing = 0;
			shellPath = /bin/sh;
			shellScript = "diff \"${PODS_ROOT}/../Podfile.lock\" \"${PODS_ROOT}/Manifest.lock\" > /dev/null\nif [[ $? != 0 ]] ; then\n    cat << EOM\nerror: The sandbox is not in sync with the Podfile.lock. Run 'pod install' or update your CocoaPods installation.\nEOM\n    exit 1\nfi\n";
			showEnvVarsInLog = 0;
		};
/* End PBXShellScriptBuildPhase section */

/* Begin PBXSourcesBuildPhase section */
		A371F8E71DB8A38100EE31D6 /* Sources */ = {
			isa = PBXSourcesBuildPhase;
			buildActionMask = 2147483647;
			files = (
				A30650AB1DB9E0810017F88E /* BusinessCell.swift in Sources */,
				A3EE9CB81DBC903C00FB8203 /* Filters.swift in Sources */,
				A371F8F11DB8A38100EE31D6 /* BusinessViewController.swift in Sources */,
				A30A568D1DBBF2E500171715 /* FiltersViewController.swift in Sources */,
				A31F10921DB8A577007E833F /* Business.swift in Sources */,
				A31F10901DB8A547007E833F /* YelpClient.swift in Sources */,
				A371F8EF1DB8A38100EE31D6 /* AppDelegate.swift in Sources */,
				A30A568B1DBBF2AF00171715 /* SwitchCell.swift in Sources */,
			);
			runOnlyForDeploymentPostprocessing = 0;
		};
/* End PBXSourcesBuildPhase section */

/* Begin PBXVariantGroup section */
		A371F8F21DB8A38100EE31D6 /* Main.storyboard */ = {
			isa = PBXVariantGroup;
			children = (
				A371F8F31DB8A38100EE31D6 /* Base */,
			);
			name = Main.storyboard;
			sourceTree = "<group>";
		};
		A371F8F71DB8A38100EE31D6 /* LaunchScreen.storyboard */ = {
			isa = PBXVariantGroup;
			children = (
				A371F8F81DB8A38100EE31D6 /* Base */,
			);
			name = LaunchScreen.storyboard;
			sourceTree = "<group>";
		};
/* End PBXVariantGroup section */

/* Begin XCBuildConfiguration section */
		A371F8FB1DB8A38100EE31D6 /* Debug */ = {
			isa = XCBuildConfiguration;
			buildSettings = {
				ALWAYS_SEARCH_USER_PATHS = NO;
				CLANG_ANALYZER_NONNULL = YES;
				CLANG_CXX_LANGUAGE_STANDARD = "gnu++0x";
				CLANG_CXX_LIBRARY = "libc++";
				CLANG_ENABLE_MODULES = YES;
				CLANG_ENABLE_OBJC_ARC = YES;
				CLANG_WARN_BOOL_CONVERSION = YES;
				CLANG_WARN_CONSTANT_CONVERSION = YES;
				CLANG_WARN_DIRECT_OBJC_ISA_USAGE = YES_ERROR;
				CLANG_WARN_DOCUMENTATION_COMMENTS = YES;
				CLANG_WARN_EMPTY_BODY = YES;
				CLANG_WARN_ENUM_CONVERSION = YES;
				CLANG_WARN_INFINITE_RECURSION = YES;
				CLANG_WARN_INT_CONVERSION = YES;
				CLANG_WARN_OBJC_ROOT_CLASS = YES_ERROR;
				CLANG_WARN_SUSPICIOUS_MOVES = YES;
				CLANG_WARN_UNREACHABLE_CODE = YES;
				CLANG_WARN__DUPLICATE_METHOD_MATCH = YES;
				"CODE_SIGN_IDENTITY[sdk=iphoneos*]" = "iPhone Developer";
				COPY_PHASE_STRIP = NO;
				DEBUG_INFORMATION_FORMAT = dwarf;
				ENABLE_STRICT_OBJC_MSGSEND = YES;
				ENABLE_TESTABILITY = YES;
				GCC_C_LANGUAGE_STANDARD = gnu99;
				GCC_DYNAMIC_NO_PIC = NO;
				GCC_NO_COMMON_BLOCKS = YES;
				GCC_OPTIMIZATION_LEVEL = 0;
				GCC_PREPROCESSOR_DEFINITIONS = (
					"DEBUG=1",
					"$(inherited)",
				);
				GCC_WARN_64_TO_32_BIT_CONVERSION = YES;
				GCC_WARN_ABOUT_RETURN_TYPE = YES_ERROR;
				GCC_WARN_UNDECLARED_SELECTOR = YES;
				GCC_WARN_UNINITIALIZED_AUTOS = YES_AGGRESSIVE;
				GCC_WARN_UNUSED_FUNCTION = YES;
				GCC_WARN_UNUSED_VARIABLE = YES;
				IPHONEOS_DEPLOYMENT_TARGET = 10.0;
				MTL_ENABLE_DEBUG_INFO = YES;
				ONLY_ACTIVE_ARCH = YES;
				SDKROOT = iphoneos;
				SWIFT_ACTIVE_COMPILATION_CONDITIONS = DEBUG;
				SWIFT_OPTIMIZATION_LEVEL = "-Onone";
				TARGETED_DEVICE_FAMILY = "1,2";
			};
			name = Debug;
		};
		A371F8FC1DB8A38100EE31D6 /* Release */ = {
			isa = XCBuildConfiguration;
			buildSettings = {
				ALWAYS_SEARCH_USER_PATHS = NO;
				CLANG_ANALYZER_NONNULL = YES;
				CLANG_CXX_LANGUAGE_STANDARD = "gnu++0x";
				CLANG_CXX_LIBRARY = "libc++";
				CLANG_ENABLE_MODULES = YES;
				CLANG_ENABLE_OBJC_ARC = YES;
				CLANG_WARN_BOOL_CONVERSION = YES;
				CLANG_WARN_CONSTANT_CONVERSION = YES;
				CLANG_WARN_DIRECT_OBJC_ISA_USAGE = YES_ERROR;
				CLANG_WARN_DOCUMENTATION_COMMENTS = YES;
				CLANG_WARN_EMPTY_BODY = YES;
				CLANG_WARN_ENUM_CONVERSION = YES;
				CLANG_WARN_INFINITE_RECURSION = YES;
				CLANG_WARN_INT_CONVERSION = YES;
				CLANG_WARN_OBJC_ROOT_CLASS = YES_ERROR;
				CLANG_WARN_SUSPICIOUS_MOVES = YES;
				CLANG_WARN_UNREACHABLE_CODE = YES;
				CLANG_WARN__DUPLICATE_METHOD_MATCH = YES;
				"CODE_SIGN_IDENTITY[sdk=iphoneos*]" = "iPhone Developer";
				COPY_PHASE_STRIP = NO;
				DEBUG_INFORMATION_FORMAT = "dwarf-with-dsym";
				ENABLE_NS_ASSERTIONS = NO;
				ENABLE_STRICT_OBJC_MSGSEND = YES;
				GCC_C_LANGUAGE_STANDARD = gnu99;
				GCC_NO_COMMON_BLOCKS = YES;
				GCC_WARN_64_TO_32_BIT_CONVERSION = YES;
				GCC_WARN_ABOUT_RETURN_TYPE = YES_ERROR;
				GCC_WARN_UNDECLARED_SELECTOR = YES;
				GCC_WARN_UNINITIALIZED_AUTOS = YES_AGGRESSIVE;
				GCC_WARN_UNUSED_FUNCTION = YES;
				GCC_WARN_UNUSED_VARIABLE = YES;
				IPHONEOS_DEPLOYMENT_TARGET = 10.0;
				MTL_ENABLE_DEBUG_INFO = NO;
				SDKROOT = iphoneos;
				SWIFT_OPTIMIZATION_LEVEL = "-Owholemodule";
				TARGETED_DEVICE_FAMILY = "1,2";
				VALIDATE_PRODUCT = YES;
			};
			name = Release;
		};
		A371F8FE1DB8A38100EE31D6 /* Debug */ = {
			isa = XCBuildConfiguration;
			baseConfigurationReference = 6681DFF9C7EEFFCFE70D74C9 /* Pods-Yelper.debug.xcconfig */;
			buildSettings = {
				ASSETCATALOG_COMPILER_APPICON_NAME = AppIcon;
				INFOPLIST_FILE = Yelper/Info.plist;
				LD_RUNPATH_SEARCH_PATHS = "$(inherited) @executable_path/Frameworks";
				PRODUCT_BUNDLE_IDENTIFIER = com.codepath.Yelper;
				PRODUCT_NAME = "$(TARGET_NAME)";
				SWIFT_VERSION = 3.0;
			};
			name = Debug;
		};
		A371F8FF1DB8A38100EE31D6 /* Release */ = {
			isa = XCBuildConfiguration;
			baseConfigurationReference = 8162E51F15ECD1FDD801FAB1 /* Pods-Yelper.release.xcconfig */;
			buildSettings = {
				ASSETCATALOG_COMPILER_APPICON_NAME = AppIcon;
				INFOPLIST_FILE = Yelper/Info.plist;
				LD_RUNPATH_SEARCH_PATHS = "$(inherited) @executable_path/Frameworks";
				PRODUCT_BUNDLE_IDENTIFIER = com.codepath.Yelper;
				PRODUCT_NAME = "$(TARGET_NAME)";
				SWIFT_VERSION = 3.0;
			};
			name = Release;
		};
/* End XCBuildConfiguration section */

/* Begin XCConfigurationList section */
		A371F8E61DB8A38100EE31D6 /* Build configuration list for PBXProject "Yelper" */ = {
			isa = XCConfigurationList;
			buildConfigurations = (
				A371F8FB1DB8A38100EE31D6 /* Debug */,
				A371F8FC1DB8A38100EE31D6 /* Release */,
			);
			defaultConfigurationIsVisible = 0;
			defaultConfigurationName = Release;
		};
		A371F8FD1DB8A38100EE31D6 /* Build configuration list for PBXNativeTarget "Yelper" */ = {
			isa = XCConfigurationList;
			buildConfigurations = (
				A371F8FE1DB8A38100EE31D6 /* Debug */,
				A371F8FF1DB8A38100EE31D6 /* Release */,
			);
			defaultConfigurationIsVisible = 0;
			defaultConfigurationName = Release;
		};
/* End XCConfigurationList section */
	};
	rootObject = A371F8E31DB8A38100EE31D6 /* Project object */;
}
